// !$*UTF8*$!
{
	archiveVersion = 1;
	classes = {
	};
	objectVersion = 50;
	objects = {

/* Begin PBXBuildFile section */
		263EE4D920DEA30C00FF422B /* AppDelegate.swift in Sources */ = {isa = PBXBuildFile; fileRef = 263EE4D820DEA30C00FF422B /* AppDelegate.swift */; };
		263EE4DB20DEA30C00FF422B /* ViewController.swift in Sources */ = {isa = PBXBuildFile; fileRef = 263EE4DA20DEA30C00FF422B /* ViewController.swift */; };
		263EE4DE20DEA30C00FF422B /* Main.storyboard in Resources */ = {isa = PBXBuildFile; fileRef = 263EE4DC20DEA30C00FF422B /* Main.storyboard */; };
		263EE4E120DEA30C00FF422B /* Swift_Bomb_2048.xcdatamodeld in Sources */ = {isa = PBXBuildFile; fileRef = 263EE4DF20DEA30C00FF422B /* Swift_Bomb_2048.xcdatamodeld */; };
		263EE4E320DEA30D00FF422B /* Assets.xcassets in Resources */ = {isa = PBXBuildFile; fileRef = 263EE4E220DEA30D00FF422B /* Assets.xcassets */; };
		263EE4E620DEA30D00FF422B /* LaunchScreen.storyboard in Resources */ = {isa = PBXBuildFile; fileRef = 263EE4E420DEA30D00FF422B /* LaunchScreen.storyboard */; };
/* End PBXBuildFile section */

/* Begin PBXFileReference section */
		263EE4D520DEA30C00FF422B /* Swift-Bomb-2048.app */ = {isa = PBXFileReference; explicitFileType = wrapper.application; includeInIndex = 0; path = "Swift-Bomb-2048.app"; sourceTree = BUILT_PRODUCTS_DIR; };
		263EE4D820DEA30C00FF422B /* AppDelegate.swift */ = {isa = PBXFileReference; lastKnownFileType = sourcecode.swift; path = AppDelegate.swift; sourceTree = "<group>"; };
		263EE4DA20DEA30C00FF422B /* ViewController.swift */ = {isa = PBXFileReference; lastKnownFileType = sourcecode.swift; path = ViewController.swift; sourceTree = "<group>"; };
		263EE4DD20DEA30C00FF422B /* Base */ = {isa = PBXFileReference; lastKnownFileType = file.storyboard; name = Base; path = Base.lproj/Main.storyboard; sourceTree = "<group>"; };
		263EE4E020DEA30C00FF422B /* Swift_Bomb_2048.xcdatamodel */ = {isa = PBXFileReference; lastKnownFileType = wrapper.xcdatamodel; path = Swift_Bomb_2048.xcdatamodel; sourceTree = "<group>"; };
		263EE4E220DEA30D00FF422B /* Assets.xcassets */ = {isa = PBXFileReference; lastKnownFileType = folder.assetcatalog; path = Assets.xcassets; sourceTree = "<group>"; };
		263EE4E520DEA30D00FF422B /* Base */ = {isa = PBXFileReference; lastKnownFileType = file.storyboard; name = Base; path = Base.lproj/LaunchScreen.storyboard; sourceTree = "<group>"; };
		263EE4E720DEA30D00FF422B /* Info.plist */ = {isa = PBXFileReference; lastKnownFileType = text.plist.xml; path = Info.plist; sourceTree = "<group>"; };
/* End PBXFileReference section */

/* Begin PBXFrameworksBuildPhase section */
		263EE4D220DEA30C00FF422B /* Frameworks */ = {
			isa = PBXFrameworksBuildPhase;
			buildActionMask = 2147483647;
			files = (
			);
			runOnlyForDeploymentPostprocessing = 0;
		};
/* End PBXFrameworksBuildPhase section */

/* Begin PBXGroup section */
		263EE4CC20DEA30C00FF422B = {
			isa = PBXGroup;
			children = (
				263EE4D720DEA30C00FF422B /* Swift-Bomb-2048 */,
				263EE4D620DEA30C00FF422B /* Products */,
			);
			sourceTree = "<group>";
		};
		263EE4D620DEA30C00FF422B /* Products */ = {
			isa = PBXGroup;
			children = (
				263EE4D520DEA30C00FF422B /* Swift-Bomb-2048.app */,
			);
			name = Products;
			sourceTree = "<group>";
		};
		263EE4D720DEA30C00FF422B /* Swift-Bomb-2048 */ = {
			isa = PBXGroup;
			children = (
				263EE4D820DEA30C00FF422B /* AppDelegate.swift */,
				263EE4DA20DEA30C00FF422B /* ViewController.swift */,
				263EE4DC20DEA30C00FF422B /* Main.storyboard */,
				263EE4E220DEA30D00FF422B /* Assets.xcassets */,
				263EE4E420DEA30D00FF422B /* LaunchScreen.storyboard */,
				263EE4E720DEA30D00FF422B /* Info.plist */,
				263EE4DF20DEA30C00FF422B /* Swift_Bomb_2048.xcdatamodeld */,
			);
			path = "Swift-Bomb-2048";
			sourceTree = "<group>";
		};
/* End PBXGroup section */

/* Begin PBXNativeTarget section */
		263EE4D420DEA30C00FF422B /* Swift-Bomb-2048 */ = {
			isa = PBXNativeTarget;
			buildConfigurationList = 263EE4EA20DEA30D00FF422B /* Build configuration list for PBXNativeTarget "Swift-Bomb-2048" */;
			buildPhases = (
				263EE4D120DEA30C00FF422B /* Sources */,
				263EE4D220DEA30C00FF422B /* Frameworks */,
				263EE4D320DEA30C00FF422B /* Resources */,
			);
			buildRules = (
			);
			dependencies = (
			);
			name = "Swift-Bomb-2048";
			productName = "Swift-Bomb-2048";
			productReference = 263EE4D520DEA30C00FF422B /* Swift-Bomb-2048.app */;
			productType = "com.apple.product-type.application";
		};
/* End PBXNativeTarget section */

/* Begin PBXProject section */
		263EE4CD20DEA30C00FF422B /* Project object */ = {
			isa = PBXProject;
			attributes = {
				LastSwiftUpdateCheck = 0940;
				LastUpgradeCheck = 0940;
				ORGANIZATIONNAME = chenguokai;
				TargetAttributes = {
					263EE4D420DEA30C00FF422B = {
						CreatedOnToolsVersion = 9.4.1;
					};
				};
			};
			buildConfigurationList = 263EE4D020DEA30C00FF422B /* Build configuration list for PBXProject "Swift-Bomb-2048" */;
			compatibilityVersion = "Xcode 9.3";
			developmentRegion = en;
			hasScannedForEncodings = 0;
			knownRegions = (
				en,
				Base,
			);
			mainGroup = 263EE4CC20DEA30C00FF422B;
			productRefGroup = 263EE4D620DEA30C00FF422B /* Products */;
			projectDirPath = "";
			projectRoot = "";
			targets = (
				263EE4D420DEA30C00FF422B /* Swift-Bomb-2048 */,
			);
		};
/* End PBXProject section */

/* Begin PBXResourcesBuildPhase section */
		263EE4D320DEA30C00FF422B /* Resources */ = {
			isa = PBXResourcesBuildPhase;
			buildActionMask = 2147483647;
			files = (
				263EE4E620DEA30D00FF422B /* LaunchScreen.storyboard in Resources */,
				263EE4E320DEA30D00FF422B /* Assets.xcassets in Resources */,
				263EE4DE20DEA30C00FF422B /* Main.storyboard in Resources */,
			);
			runOnlyForDeploymentPostprocessing = 0;
		};
/* End PBXResourcesBuildPhase section */

/* Begin PBXSourcesBuildPhase section */
		263EE4D120DEA30C00FF422B /* Sources */ = {
			isa = PBXSourcesBuildPhase;
			buildActionMask = 2147483647;
			files = (
				263EE4DB20DEA30C00FF422B /* ViewController.swift in Sources */,
				263EE4E120DEA30C00FF422B /* Swift_Bomb_2048.xcdatamodeld in Sources */,
				263EE4D920DEA30C00FF422B /* AppDelegate.swift in Sources */,
			);
			runOnlyForDeploymentPostprocessing = 0;
		};
/* End PBXSourcesBuildPhase section */

/* Begin PBXVariantGroup section */
		263EE4DC20DEA30C00FF422B /* Main.storyboard */ = {
			isa = PBXVariantGroup;
			children = (
				263EE4DD20DEA30C00FF422B /* Base */,
			);
			name = Main.storyboard;
			sourceTree = "<group>";
		};
		263EE4E420DEA30D00FF422B /* LaunchScreen.storyboard */ = {
			isa = PBXVariantGroup;
			children = (
				263EE4E520DEA30D00FF422B /* Base */,
			);
			name = LaunchScreen.storyboard;
			sourceTree = "<group>";
		};
/* End PBXVariantGroup section */

/* Begin XCBuildConfiguration section */
		263EE4E820DEA30D00FF422B /* Debug */ = {
			isa = XCBuildConfiguration;
			buildSettings = {
				ALWAYS_SEARCH_USER_PATHS = NO;
				CLANG_ANALYZER_NONNULL = YES;
				CLANG_ANALYZER_NUMBER_OBJECT_CONVERSION = YES_AGGRESSIVE;
				CLANG_CXX_LANGUAGE_STANDARD = "gnu++14";
				CLANG_CXX_LIBRARY = "libc++";
				CLANG_ENABLE_MODULES = YES;
				CLANG_ENABLE_OBJC_ARC = YES;
				CLANG_ENABLE_OBJC_WEAK = YES;
				CLANG_WARN_BLOCK_CAPTURE_AUTORELEASING = YES;
				CLANG_WARN_BOOL_CONVERSION = YES;
				CLANG_WARN_COMMA = YES;
				CLANG_WARN_CONSTANT_CONVERSION = YES;
				CLANG_WARN_DEPRECATED_OBJC_IMPLEMENTATIONS = YES;
				CLANG_WARN_DIRECT_OBJC_ISA_USAGE = YES_ERROR;
				CLANG_WARN_DOCUMENTATION_COMMENTS = YES;
				CLANG_WARN_EMPTY_BODY = YES;
				CLANG_WARN_ENUM_CONVERSION = YES;
				CLANG_WARN_INFINITE_RECURSION = YES;
				CLANG_WARN_INT_CONVERSION = YES;
				CLANG_WARN_NON_LITERAL_NULL_CONVERSION = YES;
				CLANG_WARN_OBJC_IMPLICIT_RETAIN_SELF = YES;
				CLANG_WARN_OBJC_LITERAL_CONVERSION = YES;
				CLANG_WARN_OBJC_ROOT_CLASS = YES_ERROR;
				CLANG_WARN_RANGE_LOOP_ANALYSIS = YES;
				CLANG_WARN_STRICT_PROTOTYPES = YES;
				CLANG_WARN_SUSPICIOUS_MOVE = YES;
				CLANG_WARN_UNGUARDED_AVAILABILITY = YES_AGGRESSIVE;
				CLANG_WARN_UNREACHABLE_CODE = YES;
				CLANG_WARN__DUPLICATE_METHOD_MATCH = YES;
				CODE_SIGN_IDENTITY = "iPhone Developer";
				COPY_PHASE_STRIP = NO;
				DEBUG_INFORMATION_FORMAT = dwarf;
				ENABLE_STRICT_OBJC_MSGSEND = YES;
				ENABLE_TESTABILITY = YES;
				GCC_C_LANGUAGE_STANDARD = gnu11;
				GCC_DYNAMIC_NO_PIC = NO;
				GCC_NO_COMMON_BLOCKS = YES;
				GCC_OPTIMIZATION_LEVEL = 0;
				GCC_PREPROCESSOR_DEFINITIONS = (
					"DEBUG=1",
					"$(inherited)",
				);
				GCC_WARN_64_TO_32_BIT_CONVERSION = YES;
				GCC_WARN_ABOUT_RETURN_TYPE = YES_ERROR;
				GCC_WARN_UNDECLARED_SELECTOR = YES;
				GCC_WARN_UNINITIALIZED_AUTOS = YES_AGGRESSIVE;
				GCC_WARN_UNUSED_FUNCTION = YES;
				GCC_WARN_UNUSED_VARIABLE = YES;
				IPHONEOS_DEPLOYMENT_TARGET = 11.4;
				MTL_ENABLE_DEBUG_INFO = YES;
				ONLY_ACTIVE_ARCH = YES;
				SDKROOT = iphoneos;
				SWIFT_ACTIVE_COMPILATION_CONDITIONS = DEBUG;
				SWIFT_OPTIMIZATION_LEVEL = "-Onone";
			};
			name = Debug;
		};
		263EE4E920DEA30D00FF422B /* Release */ = {
			isa = XCBuildConfiguration;
			buildSettings = {
				ALWAYS_SEARCH_USER_PATHS = NO;
				CLANG_ANALYZER_NONNULL = YES;
				CLANG_ANALYZER_NUMBER_OBJECT_CONVERSION = YES_AGGRESSIVE;
				CLANG_CXX_LANGUAGE_STANDARD = "gnu++14";
				CLANG_CXX_LIBRARY = "libc++";
				CLANG_ENABLE_MODULES = YES;
				CLANG_ENABLE_OBJC_ARC = YES;
				CLANG_ENABLE_OBJC_WEAK = YES;
				CLANG_WARN_BLOCK_CAPTURE_AUTORELEASING = YES;
				CLANG_WARN_BOOL_CONVERSION = YES;
				CLANG_WARN_COMMA = YES;
				CLANG_WARN_CONSTANT_CONVERSION = YES;
				CLANG_WARN_DEPRECATED_OBJC_IMPLEMENTATIONS = YES;
				CLANG_WARN_DIRECT_OBJC_ISA_USAGE = YES_ERROR;
				CLANG_WARN_DOCUMENTATION_COMMENTS = YES;
				CLANG_WARN_EMPTY_BODY = YES;
				CLANG_WARN_ENUM_CONVERSION = YES;
				CLANG_WARN_INFINITE_RECURSION = YES;
				CLANG_WARN_INT_CONVERSION = YES;
				CLANG_WARN_NON_LITERAL_NULL_CONVERSION = YES;
				CLANG_WARN_OBJC_IMPLICIT_RETAIN_SELF = YES;
				CLANG_WARN_OBJC_LITERAL_CONVERSION = YES;
				CLANG_WARN_OBJC_ROOT_CLASS = YES_ERROR;
				CLANG_WARN_RANGE_LOOP_ANALYSIS = YES;
				CLANG_WARN_STRICT_PROTOTYPES = YES;
				CLANG_WARN_SUSPICIOUS_MOVE = YES;
				CLANG_WARN_UNGUARDED_AVAILABILITY = YES_AGGRESSIVE;
				CLANG_WARN_UNREACHABLE_CODE = YES;
				CLANG_WARN__DUPLICATE_METHOD_MATCH = YES;
				CODE_SIGN_IDENTITY = "iPhone Developer";
				COPY_PHASE_STRIP = NO;
				DEBUG_INFORMATION_FORMAT = "dwarf-with-dsym";
				ENABLE_NS_ASSERTIONS = NO;
				ENABLE_STRICT_OBJC_MSGSEND = YES;
				GCC_C_LANGUAGE_STANDARD = gnu11;
				GCC_NO_COMMON_BLOCKS = YES;
				GCC_WARN_64_TO_32_BIT_CONVERSION = YES;
				GCC_WARN_ABOUT_RETURN_TYPE = YES_ERROR;
				GCC_WARN_UNDECLARED_SELECTOR = YES;
				GCC_WARN_UNINITIALIZED_AUTOS = YES_AGGRESSIVE;
				GCC_WARN_UNUSED_FUNCTION = YES;
				GCC_WARN_UNUSED_VARIABLE = YES;
				IPHONEOS_DEPLOYMENT_TARGET = 11.4;
				MTL_ENABLE_DEBUG_INFO = NO;
				SDKROOT = iphoneos;
				SWIFT_COMPILATION_MODE = wholemodule;
				SWIFT_OPTIMIZATION_LEVEL = "-O";
				VALIDATE_PRODUCT = YES;
			};
			name = Release;
		};
		263EE4EB20DEA30D00FF422B /* Debug */ = {
			isa = XCBuildConfiguration;
			buildSettings = {
				ASSETCATALOG_COMPILER_APPICON_NAME = AppIcon;
				CODE_SIGN_STYLE = Automatic;
				DEVELOPMENT_TEAM = 9B74EE253N;
				INFOPLIST_FILE = "Swift-Bomb-2048/Info.plist";
				LD_RUNPATH_SEARCH_PATHS = (
					"$(inherited)",
					"@executable_path/Frameworks",
				);
				PRODUCT_BUNDLE_IDENTIFIER = "Xim.Swift-Bomb-2048";
				PRODUCT_NAME = "$(TARGET_NAME)";
				SWIFT_VERSION = 4.0;
				TARGETED_DEVICE_FAMILY = "1,2";
			};
			name = Debug;
		};
		263EE4EC20DEA30D00FF422B /* Release */ = {
			isa = XCBuildConfiguration;
			buildSettings = {
				ASSETCATALOG_COMPILER_APPICON_NAME = AppIcon;
				CODE_SIGN_STYLE = Automatic;
				DEVELOPMENT_TEAM = 9B74EE253N;
				INFOPLIST_FILE = "Swift-Bomb-2048/Info.plist";
				LD_RUNPATH_SEARCH_PATHS = (
					"$(inherited)",
					"@executable_path/Frameworks",
				);
				PRODUCT_BUNDLE_IDENTIFIER = "Xim.Swift-Bomb-2048";
				PRODUCT_NAME = "$(TARGET_NAME)";
				SWIFT_VERSION = 4.0;
				TARGETED_DEVICE_FAMILY = "1,2";
			};
			name = Release;
		};
/* End XCBuildConfiguration section */

/* Begin XCConfigurationList section */
		263EE4D020DEA30C00FF422B /* Build configuration list for PBXProject "Swift-Bomb-2048" */ = {
			isa = XCConfigurationList;
			buildConfigurations = (
				263EE4E820DEA30D00FF422B /* Debug */,
				263EE4E920DEA30D00FF422B /* Release */,
			);
			defaultConfigurationIsVisible = 0;
			defaultConfigurationName = Release;
		};
		263EE4EA20DEA30D00FF422B /* Build configuration list for PBXNativeTarget "Swift-Bomb-2048" */ = {
			isa = XCConfigurationList;
			buildConfigurations = (
				263EE4EB20DEA30D00FF422B /* Debug */,
				263EE4EC20DEA30D00FF422B /* Release */,
			);
			defaultConfigurationIsVisible = 0;
			defaultConfigurationName = Release;
		};
/* End XCConfigurationList section */

/* Begin XCVersionGroup section */
		263EE4DF20DEA30C00FF422B /* Swift_Bomb_2048.xcdatamodeld */ = {
			isa = XCVersionGroup;
			children = (
				263EE4E020DEA30C00FF422B /* Swift_Bomb_2048.xcdatamodel */,
			);
			currentVersion = 263EE4E020DEA30C00FF422B /* Swift_Bomb_2048.xcdatamodel */;
			path = Swift_Bomb_2048.xcdatamodeld;
			sourceTree = "<group>";
			versionGroupType = wrapper.xcdatamodel;
		};
/* End XCVersionGroup section */
	};
	rootObject = 263EE4CD20DEA30C00FF422B /* Project object */;
}
